// !$*UTF8*$!
{
	archiveVersion = 1;
	classes = {
	};
	objectVersion = 55;
	objects = {

/* Begin PBXBuildFile section */
		6A79C2E428E2E08F00B5C406 /* YouTubeCloneApp.swift in Sources */ = {isa = PBXBuildFile; fileRef = 6A79C2E328E2E08F00B5C406 /* YouTubeCloneApp.swift */; };
		6A79C2E628E2E08F00B5C406 /* ContentView.swift in Sources */ = {isa = PBXBuildFile; fileRef = 6A79C2E528E2E08F00B5C406 /* ContentView.swift */; };
		6A79C2E828E2E09000B5C406 /* Assets.xcassets in Resources */ = {isa = PBXBuildFile; fileRef = 6A79C2E728E2E09000B5C406 /* Assets.xcassets */; };
		6A79C2EB28E2E09000B5C406 /* Preview Assets.xcassets in Resources */ = {isa = PBXBuildFile; fileRef = 6A79C2EA28E2E09000B5C406 /* Preview Assets.xcassets */; };
		6A79C2F528E2E09000B5C406 /* YouTubeCloneTests.swift in Sources */ = {isa = PBXBuildFile; fileRef = 6A79C2F428E2E09000B5C406 /* YouTubeCloneTests.swift */; };
		6A79C2FF28E2E09000B5C406 /* YouTubeCloneUITests.swift in Sources */ = {isa = PBXBuildFile; fileRef = 6A79C2FE28E2E09000B5C406 /* YouTubeCloneUITests.swift */; };
		6A79C30128E2E09000B5C406 /* YouTubeCloneUITestsLaunchTests.swift in Sources */ = {isa = PBXBuildFile; fileRef = 6A79C30028E2E09000B5C406 /* YouTubeCloneUITestsLaunchTests.swift */; };
/* End PBXBuildFile section */

/* Begin PBXContainerItemProxy section */
		6A79C2F128E2E09000B5C406 /* PBXContainerItemProxy */ = {
			isa = PBXContainerItemProxy;
			containerPortal = 6A79C2D828E2E08F00B5C406 /* Project object */;
			proxyType = 1;
			remoteGlobalIDString = 6A79C2DF28E2E08F00B5C406;
			remoteInfo = YouTubeClone;
		};
		6A79C2FB28E2E09000B5C406 /* PBXContainerItemProxy */ = {
			isa = PBXContainerItemProxy;
			containerPortal = 6A79C2D828E2E08F00B5C406 /* Project object */;
			proxyType = 1;
			remoteGlobalIDString = 6A79C2DF28E2E08F00B5C406;
			remoteInfo = YouTubeClone;
		};
/* End PBXContainerItemProxy section */

/* Begin PBXFileReference section */
		6A79C2E028E2E08F00B5C406 /* YouTubeClone.app */ = {isa = PBXFileReference; explicitFileType = wrapper.application; includeInIndex = 0; path = YouTubeClone.app; sourceTree = BUILT_PRODUCTS_DIR; };
		6A79C2E328E2E08F00B5C406 /* YouTubeCloneApp.swift */ = {isa = PBXFileReference; lastKnownFileType = sourcecode.swift; path = YouTubeCloneApp.swift; sourceTree = "<group>"; };
		6A79C2E528E2E08F00B5C406 /* ContentView.swift */ = {isa = PBXFileReference; lastKnownFileType = sourcecode.swift; path = ContentView.swift; sourceTree = "<group>"; };
		6A79C2E728E2E09000B5C406 /* Assets.xcassets */ = {isa = PBXFileReference; lastKnownFileType = folder.assetcatalog; path = Assets.xcassets; sourceTree = "<group>"; };
		6A79C2EA28E2E09000B5C406 /* Preview Assets.xcassets */ = {isa = PBXFileReference; lastKnownFileType = folder.assetcatalog; path = "Preview Assets.xcassets"; sourceTree = "<group>"; };
		6A79C2F028E2E09000B5C406 /* YouTubeCloneTests.xctest */ = {isa = PBXFileReference; explicitFileType = wrapper.cfbundle; includeInIndex = 0; path = YouTubeCloneTests.xctest; sourceTree = BUILT_PRODUCTS_DIR; };
		6A79C2F428E2E09000B5C406 /* YouTubeCloneTests.swift */ = {isa = PBXFileReference; lastKnownFileType = sourcecode.swift; path = YouTubeCloneTests.swift; sourceTree = "<group>"; };
		6A79C2FA28E2E09000B5C406 /* YouTubeCloneUITests.xctest */ = {isa = PBXFileReference; explicitFileType = wrapper.cfbundle; includeInIndex = 0; path = YouTubeCloneUITests.xctest; sourceTree = BUILT_PRODUCTS_DIR; };
		6A79C2FE28E2E09000B5C406 /* YouTubeCloneUITests.swift */ = {isa = PBXFileReference; lastKnownFileType = sourcecode.swift; path = YouTubeCloneUITests.swift; sourceTree = "<group>"; };
		6A79C30028E2E09000B5C406 /* YouTubeCloneUITestsLaunchTests.swift */ = {isa = PBXFileReference; lastKnownFileType = sourcecode.swift; path = YouTubeCloneUITestsLaunchTests.swift; sourceTree = "<group>"; };
/* End PBXFileReference section */

/* Begin PBXFrameworksBuildPhase section */
		6A79C2DD28E2E08F00B5C406 /* Frameworks */ = {
			isa = PBXFrameworksBuildPhase;
			buildActionMask = 2147483647;
			files = (
			);
			runOnlyForDeploymentPostprocessing = 0;
		};
		6A79C2ED28E2E09000B5C406 /* Frameworks */ = {
			isa = PBXFrameworksBuildPhase;
			buildActionMask = 2147483647;
			files = (
			);
			runOnlyForDeploymentPostprocessing = 0;
		};
		6A79C2F728E2E09000B5C406 /* Frameworks */ = {
			isa = PBXFrameworksBuildPhase;
			buildActionMask = 2147483647;
			files = (
			);
			runOnlyForDeploymentPostprocessing = 0;
		};
/* End PBXFrameworksBuildPhase section */

/* Begin PBXGroup section */
		6A79C2D728E2E08F00B5C406 = {
			isa = PBXGroup;
			children = (
				6A79C2E228E2E08F00B5C406 /* YouTubeClone */,
				6A79C2F328E2E09000B5C406 /* YouTubeCloneTests */,
				6A79C2FD28E2E09000B5C406 /* YouTubeCloneUITests */,
				6A79C2E128E2E08F00B5C406 /* Products */,
			);
			sourceTree = "<group>";
		};
		6A79C2E128E2E08F00B5C406 /* Products */ = {
			isa = PBXGroup;
			children = (
				6A79C2E028E2E08F00B5C406 /* YouTubeClone.app */,
				6A79C2F028E2E09000B5C406 /* YouTubeCloneTests.xctest */,
				6A79C2FA28E2E09000B5C406 /* YouTubeCloneUITests.xctest */,
			);
			name = Products;
			sourceTree = "<group>";
		};
		6A79C2E228E2E08F00B5C406 /* YouTubeClone */ = {
			isa = PBXGroup;
			children = (
				6A79C2E328E2E08F00B5C406 /* YouTubeCloneApp.swift */,
				6A79C2E528E2E08F00B5C406 /* ContentView.swift */,
				6A79C2E728E2E09000B5C406 /* Assets.xcassets */,
				6A79C2E928E2E09000B5C406 /* Preview Content */,
			);
			path = YouTubeClone;
			sourceTree = "<group>";
		};
		6A79C2E928E2E09000B5C406 /* Preview Content */ = {
			isa = PBXGroup;
			children = (
				6A79C2EA28E2E09000B5C406 /* Preview Assets.xcassets */,
			);
			path = "Preview Content";
			sourceTree = "<group>";
		};
		6A79C2F328E2E09000B5C406 /* YouTubeCloneTests */ = {
			isa = PBXGroup;
			children = (
				6A79C2F428E2E09000B5C406 /* YouTubeCloneTests.swift */,
			);
			path = YouTubeCloneTests;
			sourceTree = "<group>";
		};
		6A79C2FD28E2E09000B5C406 /* YouTubeCloneUITests */ = {
			isa = PBXGroup;
			children = (
				6A79C2FE28E2E09000B5C406 /* YouTubeCloneUITests.swift */,
				6A79C30028E2E09000B5C406 /* YouTubeCloneUITestsLaunchTests.swift */,
			);
			path = YouTubeCloneUITests;
			sourceTree = "<group>";
		};
/* End PBXGroup section */

/* Begin PBXNativeTarget section */
		6A79C2DF28E2E08F00B5C406 /* YouTubeClone */ = {
			isa = PBXNativeTarget;
			buildConfigurationList = 6A79C30428E2E09000B5C406 /* Build configuration list for PBXNativeTarget "YouTubeClone" */;
			buildPhases = (
				6A79C2DC28E2E08F00B5C406 /* Sources */,
				6A79C2DD28E2E08F00B5C406 /* Frameworks */,
				6A79C2DE28E2E08F00B5C406 /* Resources */,
			);
			buildRules = (
			);
			dependencies = (
			);
			name = YouTubeClone;
			productName = YouTubeClone;
			productReference = 6A79C2E028E2E08F00B5C406 /* YouTubeClone.app */;
			productType = "com.apple.product-type.application";
		};
		6A79C2EF28E2E09000B5C406 /* YouTubeCloneTests */ = {
			isa = PBXNativeTarget;
			buildConfigurationList = 6A79C30728E2E09000B5C406 /* Build configuration list for PBXNativeTarget "YouTubeCloneTests" */;
			buildPhases = (
				6A79C2EC28E2E09000B5C406 /* Sources */,
				6A79C2ED28E2E09000B5C406 /* Frameworks */,
				6A79C2EE28E2E09000B5C406 /* Resources */,
			);
			buildRules = (
			);
			dependencies = (
				6A79C2F228E2E09000B5C406 /* PBXTargetDependency */,
			);
			name = YouTubeCloneTests;
			productName = YouTubeCloneTests;
			productReference = 6A79C2F028E2E09000B5C406 /* YouTubeCloneTests.xctest */;
			productType = "com.apple.product-type.bundle.unit-test";
		};
		6A79C2F928E2E09000B5C406 /* YouTubeCloneUITests */ = {
			isa = PBXNativeTarget;
			buildConfigurationList = 6A79C30A28E2E09000B5C406 /* Build configuration list for PBXNativeTarget "YouTubeCloneUITests" */;
			buildPhases = (
				6A79C2F628E2E09000B5C406 /* Sources */,
				6A79C2F728E2E09000B5C406 /* Frameworks */,
				6A79C2F828E2E09000B5C406 /* Resources */,
			);
			buildRules = (
			);
			dependencies = (
				6A79C2FC28E2E09000B5C406 /* PBXTargetDependency */,
			);
			name = YouTubeCloneUITests;
			productName = YouTubeCloneUITests;
			productReference = 6A79C2FA28E2E09000B5C406 /* YouTubeCloneUITests.xctest */;
			productType = "com.apple.product-type.bundle.ui-testing";
		};
/* End PBXNativeTarget section */

/* Begin PBXProject section */
		6A79C2D828E2E08F00B5C406 /* Project object */ = {
			isa = PBXProject;
			attributes = {
				BuildIndependentTargetsInParallel = 1;
				LastSwiftUpdateCheck = 1330;
				LastUpgradeCheck = 1330;
				TargetAttributes = {
					6A79C2DF28E2E08F00B5C406 = {
						CreatedOnToolsVersion = 13.3;
					};
					6A79C2EF28E2E09000B5C406 = {
						CreatedOnToolsVersion = 13.3;
						TestTargetID = 6A79C2DF28E2E08F00B5C406;
					};
					6A79C2F928E2E09000B5C406 = {
						CreatedOnToolsVersion = 13.3;
						TestTargetID = 6A79C2DF28E2E08F00B5C406;
					};
				};
			};
			buildConfigurationList = 6A79C2DB28E2E08F00B5C406 /* Build configuration list for PBXProject "YouTubeClone" */;
			compatibilityVersion = "Xcode 13.0";
			developmentRegion = en;
			hasScannedForEncodings = 0;
			knownRegions = (
				en,
				Base,
			);
			mainGroup = 6A79C2D728E2E08F00B5C406;
			productRefGroup = 6A79C2E128E2E08F00B5C406 /* Products */;
			projectDirPath = "";
			projectRoot = "";
			targets = (
				6A79C2DF28E2E08F00B5C406 /* YouTubeClone */,
				6A79C2EF28E2E09000B5C406 /* YouTubeCloneTests */,
				6A79C2F928E2E09000B5C406 /* YouTubeCloneUITests */,
			);
		};
/* End PBXProject section */

/* Begin PBXResourcesBuildPhase section */
		6A79C2DE28E2E08F00B5C406 /* Resources */ = {
			isa = PBXResourcesBuildPhase;
			buildActionMask = 2147483647;
			files = (
				6A79C2EB28E2E09000B5C406 /* Preview Assets.xcassets in Resources */,
				6A79C2E828E2E09000B5C406 /* Assets.xcassets in Resources */,
			);
			runOnlyForDeploymentPostprocessing = 0;
		};
		6A79C2EE28E2E09000B5C406 /* Resources */ = {
			isa = PBXResourcesBuildPhase;
			buildActionMask = 2147483647;
			files = (
			);
			runOnlyForDeploymentPostprocessing = 0;
		};
		6A79C2F828E2E09000B5C406 /* Resources */ = {
			isa = PBXResourcesBuildPhase;
			buildActionMask = 2147483647;
			files = (
			);
			runOnlyForDeploymentPostprocessing = 0;
		};
/* End PBXResourcesBuildPhase section */

/* Begin PBXSourcesBuildPhase section */
		6A79C2DC28E2E08F00B5C406 /* Sources */ = {
			isa = PBXSourcesBuildPhase;
			buildActionMask = 2147483647;
			files = (
				6A79C2E628E2E08F00B5C406 /* ContentView.swift in Sources */,
				6A79C2E428E2E08F00B5C406 /* YouTubeCloneApp.swift in Sources */,
			);
			runOnlyForDeploymentPostprocessing = 0;
		};
		6A79C2EC28E2E09000B5C406 /* Sources */ = {
			isa = PBXSourcesBuildPhase;
			buildActionMask = 2147483647;
			files = (
				6A79C2F528E2E09000B5C406 /* YouTubeCloneTests.swift in Sources */,
			);
			runOnlyForDeploymentPostprocessing = 0;
		};
		6A79C2F628E2E09000B5C406 /* Sources */ = {
			isa = PBXSourcesBuildPhase;
			buildActionMask = 2147483647;
			files = (
				6A79C30128E2E09000B5C406 /* YouTubeCloneUITestsLaunchTests.swift in Sources */,
				6A79C2FF28E2E09000B5C406 /* YouTubeCloneUITests.swift in Sources */,
			);
			runOnlyForDeploymentPostprocessing = 0;
		};
/* End PBXSourcesBuildPhase section */

/* Begin PBXTargetDependency section */
		6A79C2F228E2E09000B5C406 /* PBXTargetDependency */ = {
			isa = PBXTargetDependency;
			target = 6A79C2DF28E2E08F00B5C406 /* YouTubeClone */;
			targetProxy = 6A79C2F128E2E09000B5C406 /* PBXContainerItemProxy */;
		};
		6A79C2FC28E2E09000B5C406 /* PBXTargetDependency */ = {
			isa = PBXTargetDependency;
			target = 6A79C2DF28E2E08F00B5C406 /* YouTubeClone */;
			targetProxy = 6A79C2FB28E2E09000B5C406 /* PBXContainerItemProxy */;
		};
/* End PBXTargetDependency section */

/* Begin XCBuildConfiguration section */
		6A79C30228E2E09000B5C406 /* Debug */ = {
			isa = XCBuildConfiguration;
			buildSettings = {
				ALWAYS_SEARCH_USER_PATHS = NO;
				CLANG_ANALYZER_NONNULL = YES;
				CLANG_ANALYZER_NUMBER_OBJECT_CONVERSION = YES_AGGRESSIVE;
				CLANG_CXX_LANGUAGE_STANDARD = "gnu++17";
				CLANG_ENABLE_MODULES = YES;
				CLANG_ENABLE_OBJC_ARC = YES;
				CLANG_ENABLE_OBJC_WEAK = YES;
				CLANG_WARN_BLOCK_CAPTURE_AUTORELEASING = YES;
				CLANG_WARN_BOOL_CONVERSION = YES;
				CLANG_WARN_COMMA = YES;
				CLANG_WARN_CONSTANT_CONVERSION = YES;
				CLANG_WARN_DEPRECATED_OBJC_IMPLEMENTATIONS = YES;
				CLANG_WARN_DIRECT_OBJC_ISA_USAGE = YES_ERROR;
				CLANG_WARN_DOCUMENTATION_COMMENTS = YES;
				CLANG_WARN_EMPTY_BODY = YES;
				CLANG_WARN_ENUM_CONVERSION = YES;
				CLANG_WARN_INFINITE_RECURSION = YES;
				CLANG_WARN_INT_CONVERSION = YES;
				CLANG_WARN_NON_LITERAL_NULL_CONVERSION = YES;
				CLANG_WARN_OBJC_IMPLICIT_RETAIN_SELF = YES;
				CLANG_WARN_OBJC_LITERAL_CONVERSION = YES;
				CLANG_WARN_OBJC_ROOT_CLASS = YES_ERROR;
				CLANG_WARN_QUOTED_INCLUDE_IN_FRAMEWORK_HEADER = YES;
				CLANG_WARN_RANGE_LOOP_ANALYSIS = YES;
				CLANG_WARN_STRICT_PROTOTYPES = YES;
				CLANG_WARN_SUSPICIOUS_MOVE = YES;
				CLANG_WARN_UNGUARDED_AVAILABILITY = YES_AGGRESSIVE;
				CLANG_WARN_UNREACHABLE_CODE = YES;
				CLANG_WARN__DUPLICATE_METHOD_MATCH = YES;
				COPY_PHASE_STRIP = NO;
				DEBUG_INFORMATION_FORMAT = dwarf;
				ENABLE_STRICT_OBJC_MSGSEND = YES;
				ENABLE_TESTABILITY = YES;
				GCC_C_LANGUAGE_STANDARD = gnu11;
				GCC_DYNAMIC_NO_PIC = NO;
				GCC_NO_COMMON_BLOCKS = YES;
				GCC_OPTIMIZATION_LEVEL = 0;
				GCC_PREPROCESSOR_DEFINITIONS = (
					"DEBUG=1",
					"$(inherited)",
				);
				GCC_WARN_64_TO_32_BIT_CONVERSION = YES;
				GCC_WARN_ABOUT_RETURN_TYPE = YES_ERROR;
				GCC_WARN_UNDECLARED_SELECTOR = YES;
				GCC_WARN_UNINITIALIZED_AUTOS = YES_AGGRESSIVE;
				GCC_WARN_UNUSED_FUNCTION = YES;
				GCC_WARN_UNUSED_VARIABLE = YES;
				IPHONEOS_DEPLOYMENT_TARGET = 15.4;
				MTL_ENABLE_DEBUG_INFO = INCLUDE_SOURCE;
				MTL_FAST_MATH = YES;
				ONLY_ACTIVE_ARCH = YES;
				SDKROOT = iphoneos;
				SWIFT_ACTIVE_COMPILATION_CONDITIONS = DEBUG;
				SWIFT_OPTIMIZATION_LEVEL = "-Onone";
			};
			name = Debug;
		};
		6A79C30328E2E09000B5C406 /* Release */ = {
			isa = XCBuildConfiguration;
			buildSettings = {
				ALWAYS_SEARCH_USER_PATHS = NO;
				CLANG_ANALYZER_NONNULL = YES;
				CLANG_ANALYZER_NUMBER_OBJECT_CONVERSION = YES_AGGRESSIVE;
				CLANG_CXX_LANGUAGE_STANDARD = "gnu++17";
				CLANG_ENABLE_MODULES = YES;
				CLANG_ENABLE_OBJC_ARC = YES;
				CLANG_ENABLE_OBJC_WEAK = YES;
				CLANG_WARN_BLOCK_CAPTURE_AUTORELEASING = YES;
				CLANG_WARN_BOOL_CONVERSION = YES;
				CLANG_WARN_COMMA = YES;
				CLANG_WARN_CONSTANT_CONVERSION = YES;
				CLANG_WARN_DEPRECATED_OBJC_IMPLEMENTATIONS = YES;
				CLANG_WARN_DIRECT_OBJC_ISA_USAGE = YES_ERROR;
				CLANG_WARN_DOCUMENTATION_COMMENTS = YES;
				CLANG_WARN_EMPTY_BODY = YES;
				CLANG_WARN_ENUM_CONVERSION = YES;
				CLANG_WARN_INFINITE_RECURSION = YES;
				CLANG_WARN_INT_CONVERSION = YES;
				CLANG_WARN_NON_LITERAL_NULL_CONVERSION = YES;
				CLANG_WARN_OBJC_IMPLICIT_RETAIN_SELF = YES;
				CLANG_WARN_OBJC_LITERAL_CONVERSION = YES;
				CLANG_WARN_OBJC_ROOT_CLASS = YES_ERROR;
				CLANG_WARN_QUOTED_INCLUDE_IN_FRAMEWORK_HEADER = YES;
				CLANG_WARN_RANGE_LOOP_ANALYSIS = YES;
				CLANG_WARN_STRICT_PROTOTYPES = YES;
				CLANG_WARN_SUSPICIOUS_MOVE = YES;
				CLANG_WARN_UNGUARDED_AVAILABILITY = YES_AGGRESSIVE;
				CLANG_WARN_UNREACHABLE_CODE = YES;
				CLANG_WARN__DUPLICATE_METHOD_MATCH = YES;
				COPY_PHASE_STRIP = NO;
				DEBUG_INFORMATION_FORMAT = "dwarf-with-dsym";
				ENABLE_NS_ASSERTIONS = NO;
				ENABLE_STRICT_OBJC_MSGSEND = YES;
				GCC_C_LANGUAGE_STANDARD = gnu11;
				GCC_NO_COMMON_BLOCKS = YES;
				GCC_WARN_64_TO_32_BIT_CONVERSION = YES;
				GCC_WARN_ABOUT_RETURN_TYPE = YES_ERROR;
				GCC_WARN_UNDECLARED_SELECTOR = YES;
				GCC_WARN_UNINITIALIZED_AUTOS = YES_AGGRESSIVE;
				GCC_WARN_UNUSED_FUNCTION = YES;
				GCC_WARN_UNUSED_VARIABLE = YES;
				IPHONEOS_DEPLOYMENT_TARGET = 15.4;
				MTL_ENABLE_DEBUG_INFO = NO;
				MTL_FAST_MATH = YES;
				SDKROOT = iphoneos;
				SWIFT_COMPILATION_MODE = wholemodule;
				SWIFT_OPTIMIZATION_LEVEL = "-O";
				VALIDATE_PRODUCT = YES;
			};
			name = Release;
		};
		6A79C30528E2E09000B5C406 /* Debug */ = {
			isa = XCBuildConfiguration;
			buildSettings = {
				ASSETCATALOG_COMPILER_APPICON_NAME = AppIcon;
				ASSETCATALOG_COMPILER_GLOBAL_ACCENT_COLOR_NAME = AccentColor;
				CODE_SIGN_STYLE = Automatic;
				CURRENT_PROJECT_VERSION = 1;
				DEVELOPMENT_ASSET_PATHS = "\"YouTubeClone/Preview Content\"";
				DEVELOPMENT_TEAM = SWC6H8MMLH;
				ENABLE_PREVIEWS = YES;
				GENERATE_INFOPLIST_FILE = YES;
				INFOPLIST_KEY_UIApplicationSceneManifest_Generation = YES;
				INFOPLIST_KEY_UIApplicationSupportsIndirectInputEvents = YES;
				INFOPLIST_KEY_UILaunchScreen_Generation = YES;
				INFOPLIST_KEY_UISupportedInterfaceOrientations_iPad = "UIInterfaceOrientationPortrait UIInterfaceOrientationPortraitUpsideDown UIInterfaceOrientationLandscapeLeft UIInterfaceOrientationLandscapeRight";
				INFOPLIST_KEY_UISupportedInterfaceOrientations_iPhone = "UIInterfaceOrientationPortrait UIInterfaceOrientationLandscapeLeft UIInterfaceOrientationLandscapeRight";
				LD_RUNPATH_SEARCH_PATHS = (
					"$(inherited)",
					"@executable_path/Frameworks",
				);
				MARKETING_VERSION = 1.0;
				PRODUCT_BUNDLE_IDENTIFIER = "faisal-center.YouTubeClone";
				PRODUCT_NAME = "$(TARGET_NAME)";
				SWIFT_EMIT_LOC_STRINGS = YES;
				SWIFT_VERSION = 5.0;
				TARGETED_DEVICE_FAMILY = "1,2";
			};
			name = Debug;
		};
		6A79C30628E2E09000B5C406 /* Release */ = {
			isa = XCBuildConfiguration;
			buildSettings = {
				ASSETCATALOG_COMPILER_APPICON_NAME = AppIcon;
				ASSETCATALOG_COMPILER_GLOBAL_ACCENT_COLOR_NAME = AccentColor;
				CODE_SIGN_STYLE = Automatic;
				CURRENT_PROJECT_VERSION = 1;
				DEVELOPMENT_ASSET_PATHS = "\"YouTubeClone/Preview Content\"";
				DEVELOPMENT_TEAM = SWC6H8MMLH;
				ENABLE_PREVIEWS = YES;
				GENERATE_INFOPLIST_FILE = YES;
				INFOPLIST_KEY_UIApplicationSceneManifest_Generation = YES;
				INFOPLIST_KEY_UIApplicationSupportsIndirectInputEvents = YES;
				INFOPLIST_KEY_UILaunchScreen_Generation = YES;
				INFOPLIST_KEY_UISupportedInterfaceOrientations_iPad = "UIInterfaceOrientationPortrait UIInterfaceOrientationPortraitUpsideDown UIInterfaceOrientationLandscapeLeft UIInterfaceOrientationLandscapeRight";
				INFOPLIST_KEY_UISupportedInterfaceOrientations_iPhone = "UIInterfaceOrientationPortrait UIInterfaceOrientationLandscapeLeft UIInterfaceOrientationLandscapeRight";
				LD_RUNPATH_SEARCH_PATHS = (
					"$(inherited)",
					"@executable_path/Frameworks",
				);
				MARKETING_VERSION = 1.0;
				PRODUCT_BUNDLE_IDENTIFIER = "faisal-center.YouTubeClone";
				PRODUCT_NAME = "$(TARGET_NAME)";
				SWIFT_EMIT_LOC_STRINGS = YES;
				SWIFT_VERSION = 5.0;
				TARGETED_DEVICE_FAMILY = "1,2";
			};
			name = Release;
		};
		6A79C30828E2E09000B5C406 /* Debug */ = {
			isa = XCBuildConfiguration;
			buildSettings = {
				ALWAYS_EMBED_SWIFT_STANDARD_LIBRARIES = YES;
				BUNDLE_LOADER = "$(TEST_HOST)";
				CODE_SIGN_STYLE = Automatic;
				CURRENT_PROJECT_VERSION = 1;
				DEVELOPMENT_TEAM = SWC6H8MMLH;
				GENERATE_INFOPLIST_FILE = YES;
				IPHONEOS_DEPLOYMENT_TARGET = 15.4;
				MARKETING_VERSION = 1.0;
				PRODUCT_BUNDLE_IDENTIFIER = "faisal-center.YouTubeCloneTests";
				PRODUCT_NAME = "$(TARGET_NAME)";
				SWIFT_EMIT_LOC_STRINGS = NO;
				SWIFT_VERSION = 5.0;
				TARGETED_DEVICE_FAMILY = "1,2";
				TEST_HOST = "$(BUILT_PRODUCTS_DIR)/YouTubeClone.app/YouTubeClone";
			};
			name = Debug;
		};
		6A79C30928E2E09000B5C406 /* Release */ = {
			isa = XCBuildConfiguration;
			buildSettings = {
				ALWAYS_EMBED_SWIFT_STANDARD_LIBRARIES = YES;
				BUNDLE_LOADER = "$(TEST_HOST)";
				CODE_SIGN_STYLE = Automatic;
				CURRENT_PROJECT_VERSION = 1;
				DEVELOPMENT_TEAM = SWC6H8MMLH;
				GENERATE_INFOPLIST_FILE = YES;
				IPHONEOS_DEPLOYMENT_TARGET = 15.4;
				MARKETING_VERSION = 1.0;
				PRODUCT_BUNDLE_IDENTIFIER = "faisal-center.YouTubeCloneTests";
				PRODUCT_NAME = "$(TARGET_NAME)";
				SWIFT_EMIT_LOC_STRINGS = NO;
				SWIFT_VERSION = 5.0;
				TARGETED_DEVICE_FAMILY = "1,2";
				TEST_HOST = "$(BUILT_PRODUCTS_DIR)/YouTubeClone.app/YouTubeClone";
			};
			name = Release;
		};
		6A79C30B28E2E09000B5C406 /* Debug */ = {
			isa = XCBuildConfiguration;
			buildSettings = {
				ALWAYS_EMBED_SWIFT_STANDARD_LIBRARIES = YES;
				CODE_SIGN_STYLE = Automatic;
				CURRENT_PROJECT_VERSION = 1;
				DEVELOPMENT_TEAM = SWC6H8MMLH;
				GENERATE_INFOPLIST_FILE = YES;
				MARKETING_VERSION = 1.0;
				PRODUCT_BUNDLE_IDENTIFIER = "faisal-center.YouTubeCloneUITests";
				PRODUCT_NAME = "$(TARGET_NAME)";
				SWIFT_EMIT_LOC_STRINGS = NO;
				SWIFT_VERSION = 5.0;
				TARGETED_DEVICE_FAMILY = "1,2";
				TEST_TARGET_NAME = YouTubeClone;
			};
			name = Debug;
		};
		6A79C30C28E2E09000B5C406 /* Release */ = {
			isa = XCBuildConfiguration;
			buildSettings = {
				ALWAYS_EMBED_SWIFT_STANDARD_LIBRARIES = YES;
				CODE_SIGN_STYLE = Automatic;
				CURRENT_PROJECT_VERSION = 1;
				DEVELOPMENT_TEAM = SWC6H8MMLH;
				GENERATE_INFOPLIST_FILE = YES;
				MARKETING_VERSION = 1.0;
				PRODUCT_BUNDLE_IDENTIFIER = "faisal-center.YouTubeCloneUITests";
				PRODUCT_NAME = "$(TARGET_NAME)";
				SWIFT_EMIT_LOC_STRINGS = NO;
				SWIFT_VERSION = 5.0;
				TARGETED_DEVICE_FAMILY = "1,2";
				TEST_TARGET_NAME = YouTubeClone;
			};
			name = Release;
		};
/* End XCBuildConfiguration section */

/* Begin XCConfigurationList section */
		6A79C2DB28E2E08F00B5C406 /* Build configuration list for PBXProject "YouTubeClone" */ = {
			isa = XCConfigurationList;
			buildConfigurations = (
				6A79C30228E2E09000B5C406 /* Debug */,
				6A79C30328E2E09000B5C406 /* Release */,
			);
			defaultConfigurationIsVisible = 0;
			defaultConfigurationName = Release;
		};
		6A79C30428E2E09000B5C406 /* Build configuration list for PBXNativeTarget "YouTubeClone" */ = {
			isa = XCConfigurationList;
			buildConfigurations = (
				6A79C30528E2E09000B5C406 /* Debug */,
				6A79C30628E2E09000B5C406 /* Release */,
			);
			defaultConfigurationIsVisible = 0;
			defaultConfigurationName = Release;
		};
		6A79C30728E2E09000B5C406 /* Build configuration list for PBXNativeTarget "YouTubeCloneTests" */ = {
			isa = XCConfigurationList;
			buildConfigurations = (
				6A79C30828E2E09000B5C406 /* Debug */,
				6A79C30928E2E09000B5C406 /* Release */,
			);
			defaultConfigurationIsVisible = 0;
			defaultConfigurationName = Release;
		};
		6A79C30A28E2E09000B5C406 /* Build configuration list for PBXNativeTarget "YouTubeCloneUITests" */ = {
			isa = XCConfigurationList;
			buildConfigurations = (
				6A79C30B28E2E09000B5C406 /* Debug */,
				6A79C30C28E2E09000B5C406 /* Release */,
			);
			defaultConfigurationIsVisible = 0;
			defaultConfigurationName = Release;
		};
/* End XCConfigurationList section */
	};
	rootObject = 6A79C2D828E2E08F00B5C406 /* Project object */;
}
